
Microsoft Visual Studio Solution File, Format Version 12.00
# Visual Studio Version 17
VisualStudioVersion = 17.5.33530.505
MinimumVisualStudioVersion = 10.0.40219.1
Project("{FAE04EC0-301F-11D3-BF4B-00C04F79EFBC}") = "LeetCode", "LeetCode.csproj", "{7E355CC5-E669-4149-A60D-3E6457927D8B}"
EndProject
Global
	GlobalSection(SolutionConfigurationPlatforms) = preSolution
		Debug|Any CPU = Debug|Any CPU
		Release|Any CPU = Release|Any CPU
	EndGlobalSection
	GlobalSection(ProjectConfigurationPlatforms) = postSolution
		{7E355CC5-E669-4149-A60D-3E6457927D8B}.Debug|Any CPU.ActiveCfg = Debug|Any CPU
		{7E355CC5-E669-4149-A60D-3E6457927D8B}.Debug|Any CPU.Build.0 = Debug|Any CPU
		{7E355CC5-E669-4149-A60D-3E6457927D8B}.Release|Any CPU.ActiveCfg = Release|Any CPU
		{7E355CC5-E669-4149-A60D-3E6457927D8B}.Release|Any CPU.Build.0 = Release|Any CPU
	EndGlobalSection
	GlobalSection(SolutionProperties) = preSolution
		HideSolutionNode = FALSE
	EndGlobalSection
	GlobalSection(ExtensibilityGlobals) = postSolution
		SolutionGuid = {716183B0-CED5-41E7-BFC8-421C9F33065A}
	EndGlobalSection
EndGlobal
